schema: '2.0'
stages:
  data_ingestion:
    cmd: python src/data_ingestion.py
    deps:
    - path: src/data_ingestion.py
      hash: md5
      md5: 1cedcc40644d9fc74809005cf9e36cb1
      size: 3710
    outs:
    - path: data/raw
      hash: md5
      md5: 1a287d34dc172d9f950c03dae35f7e73.dir
      size: 484846
      nfiles: 2
  data_preprocessing:
    cmd: python src/data_preprocessing.py
    deps:
    - path: data/raw
      hash: md5
      md5: 1a287d34dc172d9f950c03dae35f7e73.dir
      size: 484846
      nfiles: 2
    - path: src/data_preprocessing.py
      hash: md5
      md5: f57391ee601c9f4e5168de8fb74ee522
      size: 4929
    outs:
    - path: data/interim
      hash: md5
      md5: d99be5cb2b019d747166f90739fa6d08.dir
      size: 260073
      nfiles: 2
  feature_engineering:
    cmd: python src/feature_engineering.py
    deps:
    - path: data/interim
      hash: md5
      md5: d99be5cb2b019d747166f90739fa6d08.dir
      size: 260073
      nfiles: 2
    - path: src/feature_engineering.py
      hash: md5
      md5: ec6dbfa4eb0be931231b3a38182f8b4f
      size: 4005
    outs:
    - path: data/processed
      hash: md5
      md5: 75e218e1ef3eca0fbee7bf147502a2e7.dir
      size: 1179996
      nfiles: 2
  model_training:
    cmd: python src/model_training.py
    deps:
    - path: data/processed
      hash: md5
      md5: 75e218e1ef3eca0fbee7bf147502a2e7.dir
      size: 1179996
      nfiles: 2
    - path: src/model_training.py
      hash: md5
      md5: 112ebb1809986176d849f15b43cbd3b5
      size: 4515
    outs:
    - path: models/model.pkl
      hash: md5
      md5: ec550496025a4bc6db870d05623a01d6
      size: 998454
  model_evaluation:
    cmd: python src/model_evaluation.py
    deps:
    - path: models/model.pkl
      hash: md5
      md5: ec550496025a4bc6db870d05623a01d6
      size: 998454
    - path: src/model_evaluation.py
      hash: md5
      md5: 87cb5f58d25dcae6147657ab10e93a4d
      size: 4450
    outs:
    - path: reports/metrics.json
      hash: md5
      md5: ff00badc1b25eb445fbbd77f9f2ae67f
      size: 145
