schema: '2.0'
stages:
  data_ingestion:
    cmd: python src/data_ingestion.py
    deps:
    - path: src/data_ingestion.py
      hash: md5
      md5: 85991608e98525811b94dfe7d18cfa24
      size: 4501
    params:
      params.yaml:
        data_ingestion.test_size: 0.3
    outs:
    - path: data/raw
      hash: md5
      md5: d26befd2dda9438254177d9000d9ba1f.dir
      size: 484846
      nfiles: 2
  data_preprocessing:
    cmd: python src/data_preprocessing.py
    deps:
    - path: data/raw
      hash: md5
      md5: d26befd2dda9438254177d9000d9ba1f.dir
      size: 484846
      nfiles: 2
    - path: src/data_preprocessing.py
      hash: md5
      md5: f57391ee601c9f4e5168de8fb74ee522
      size: 4929
    outs:
    - path: data/interim
      hash: md5
      md5: 61ca13b2e20854a1f7bacbbcfeca409e.dir
      size: 262513
      nfiles: 2
  feature_engineering:
    cmd: python src/feature_engineering.py
    deps:
    - path: data/interim
      hash: md5
      md5: 61ca13b2e20854a1f7bacbbcfeca409e.dir
      size: 262513
      nfiles: 2
    - path: src/feature_engineering.py
      hash: md5
      md5: e417d663575f5ffea46c62ecfab21cbc
      size: 4013
    params:
      params.yaml:
        feature_engineering.max_features: 45
    outs:
    - path: data/processed
      hash: md5
      md5: f9a2073e31e230fe88ec836c0c6fa216.dir
      size: 1073352
      nfiles: 2
  model_training:
    cmd: python src/model_training.py
    deps:
    - path: data/processed
      hash: md5
      md5: f9a2073e31e230fe88ec836c0c6fa216.dir
      size: 1073352
      nfiles: 2
    - path: src/model_training.py
      hash: md5
      md5: 0fbcc864cac9cce165c7aaf6787b7735
      size: 4527
    params:
      params.yaml:
        model_training.n_estimators: 50
        model_training.random_state: 2
    outs:
    - path: models/model.pkl
      hash: md5
      md5: 19d2bb24363080eeaf3c9c4ae1f2f3de
      size: 1717677
  model_evaluation:
    cmd: python src/model_evaluation.py
    deps:
    - path: models/model.pkl
      hash: md5
      md5: 19d2bb24363080eeaf3c9c4ae1f2f3de
      size: 1717677
    - path: src/model_evaluation.py
      hash: md5
      md5: 76b5dcad91a744e15dec71a6d5a5b1a1
      size: 5139
    outs:
    - path: reports/metrics.json
      hash: md5
      md5: 68b3b9df14e528e2c883347ddbeb78c6
      size: 145
